{
    "_readme": [
        "This file locks the dependencies of your project to a known state",
        "Read more about it at https://getcomposer.org/doc/01-basic-usage.md#installing-dependencies",
        "This file is @generated automatically"
    ],
    "content-hash": "6400db49490497a4aee1a91b3cb5989e",
    "packages": [],
    "packages-dev": [],
    "aliases": [],
    "minimum-stability": "stable",
    "stability-flags": [],
    "prefer-stable": false,
    "prefer-lowest": false,
    "platform": {
        "php": "^8.1",
        "ext-mbstring": "*",
        "ext-gd": "*",
        "ext-intl": "*",
        "ext-pdo": "*",
        "ext-pdo_mysql": "*"
    },
    "platform-dev": [],
    "plugin-api-version": "2.6.0"
}
